
Microsoft Visual Studio Solution File, Format Version 12.00
# Visual Studio Version 17
VisualStudioVersion = 17.5.002.0
MinimumVisualStudioVersion = 10.0.40219.1
Project("{9A19103F-16F7-4668-BE54-9A1E7A4F7556}") = "ServiceBusConnector", "ServiceBusConnector.csproj", "{5613777C-3EA4-4167-9C1F-314878B41A89}"
EndProject
Project("{FAE04EC0-301F-11D3-BF4B-00C04F79EFBC}") = "OracleClient", "..\OracleClient\OracleClient.csproj", "{C8A5AE22-99F7-4AE2-91B2-268DC3687F95}"
EndProject
Global
	GlobalSection(SolutionConfigurationPlatforms) = preSolution
		Debug|Any CPU = Debug|Any CPU
		Release|Any CPU = Release|Any CPU
	EndGlobalSection
	GlobalSection(ProjectConfigurationPlatforms) = postSolution
		{5613777C-3EA4-4167-9C1F-314878B41A89}.Debug|Any CPU.ActiveCfg = Debug|Any CPU
		{5613777C-3EA4-4167-9C1F-314878B41A89}.Debug|Any CPU.Build.0 = Debug|Any CPU
		{5613777C-3EA4-4167-9C1F-314878B41A89}.Release|Any CPU.ActiveCfg = Release|Any CPU
		{5613777C-3EA4-4167-9C1F-314878B41A89}.Release|Any CPU.Build.0 = Release|Any CPU
		{C8A5AE22-99F7-4AE2-91B2-268DC3687F95}.Debug|Any CPU.ActiveCfg = Debug|Any CPU
		{C8A5AE22-99F7-4AE2-91B2-268DC3687F95}.Debug|Any CPU.Build.0 = Debug|Any CPU
		{C8A5AE22-99F7-4AE2-91B2-268DC3687F95}.Release|Any CPU.ActiveCfg = Release|Any CPU
		{C8A5AE22-99F7-4AE2-91B2-268DC3687F95}.Release|Any CPU.Build.0 = Release|Any CPU
	EndGlobalSection
	GlobalSection(SolutionProperties) = preSolution
		HideSolutionNode = FALSE
	EndGlobalSection
	GlobalSection(ExtensibilityGlobals) = postSolution
		SolutionGuid = {E37EA393-943C-4E46-B0E5-B827E68EA89A}
	EndGlobalSection
EndGlobal
